
Microsoft Visual Studio Solution File, Format Version 12.00
# Visual Studio Version 17
VisualStudioVersion = 17.11.35312.102
MinimumVisualStudioVersion = 10.0.40219.1
Project("{9A19103F-16F7-4668-BE54-9A1E7A4F7556}") = "CarRace.Logic", "CarRace.Logic.csproj", "{6B7F4A6A-7D04-424C-A4FD-6461B47D2ADC}"
EndProject
Project("{9A19103F-16F7-4668-BE54-9A1E7A4F7556}") = "CarRace.Tests", "..\CarTests\CarRace.Tests.csproj", "{F9BBC8C8-F7C6-4C21-AFC3-2850DB19E249}"
EndProject
Project("{9A19103F-16F7-4668-BE54-9A1E7A4F7556}") = "TrackTests", "..\TrackTests\TrackTests.csproj", "{F1EC6496-ECF1-4E14-9996-D6793DB15C99}"
EndProject
Global
	GlobalSection(SolutionConfigurationPlatforms) = preSolution
		Debug|Any CPU = Debug|Any CPU
		Release|Any CPU = Release|Any CPU
	EndGlobalSection
	GlobalSection(ProjectConfigurationPlatforms) = postSolution
		{6B7F4A6A-7D04-424C-A4FD-6461B47D2ADC}.Debug|Any CPU.ActiveCfg = Debug|Any CPU
		{6B7F4A6A-7D04-424C-A4FD-6461B47D2ADC}.Debug|Any CPU.Build.0 = Debug|Any CPU
		{6B7F4A6A-7D04-424C-A4FD-6461B47D2ADC}.Release|Any CPU.ActiveCfg = Release|Any CPU
		{6B7F4A6A-7D04-424C-A4FD-6461B47D2ADC}.Release|Any CPU.Build.0 = Release|Any CPU
		{F9BBC8C8-F7C6-4C21-AFC3-2850DB19E249}.Debug|Any CPU.ActiveCfg = Debug|Any CPU
		{F9BBC8C8-F7C6-4C21-AFC3-2850DB19E249}.Debug|Any CPU.Build.0 = Debug|Any CPU
		{F9BBC8C8-F7C6-4C21-AFC3-2850DB19E249}.Release|Any CPU.ActiveCfg = Release|Any CPU
		{F9BBC8C8-F7C6-4C21-AFC3-2850DB19E249}.Release|Any CPU.Build.0 = Release|Any CPU
		{F1EC6496-ECF1-4E14-9996-D6793DB15C99}.Debug|Any CPU.ActiveCfg = Debug|Any CPU
		{F1EC6496-ECF1-4E14-9996-D6793DB15C99}.Debug|Any CPU.Build.0 = Debug|Any CPU
		{F1EC6496-ECF1-4E14-9996-D6793DB15C99}.Release|Any CPU.ActiveCfg = Release|Any CPU
		{F1EC6496-ECF1-4E14-9996-D6793DB15C99}.Release|Any CPU.Build.0 = Release|Any CPU
	EndGlobalSection
	GlobalSection(SolutionProperties) = preSolution
		HideSolutionNode = FALSE
	EndGlobalSection
	GlobalSection(ExtensibilityGlobals) = postSolution
		SolutionGuid = {733759A3-D767-433F-8DF9-526EC8316F9C}
	EndGlobalSection
EndGlobal
